
Microsoft Visual Studio Solution File, Format Version 12.00
# Visual Studio Version 17
VisualStudioVersion = 17.0.31903.59
MinimumVisualStudioVersion = 10.0.40219.1
Project("{FAE04EC0-301F-11D3-BF4B-00C04F79EFBC}") = "Executable", "Executable\Executable.csproj", "{B19CDEFE-DBF9-40EE-A61E-C5452AC66944}"
EndProject
Project("{2150E333-8FDC-42A3-9474-1A3956D46DE8}") = "Core", "Core", "{0BA0DAE0-0178-4E0A-8CB3-3DEABDC5D91E}"
EndProject
Project("{FAE04EC0-301F-11D3-BF4B-00C04F79EFBC}") = "Core.Domain", "Core\Core.Domain\Core.Domain.csproj", "{0A5A7E93-6661-446D-9C15-FAF579B1D07D}"
EndProject
Project("{FAE04EC0-301F-11D3-BF4B-00C04F79EFBC}") = "Core.EntityFramework", "Core\Core.EntityFramework\Core.EntityFramework.csproj", "{124A4C58-F43B-4ECA-ACAE-CD492D6E5874}"
EndProject
Project("{FAE04EC0-301F-11D3-BF4B-00C04F79EFBC}") = "Core.Api", "Core\Core.Api\Core.Api.csproj", "{78FC1736-DD0A-47F7-826E-2B50C89D0F10}"
EndProject
Project("{FAE04EC0-301F-11D3-BF4B-00C04F79EFBC}") = "Core.AspNet", "Core\Core.AspNet\Core.AspNet.csproj", "{03679870-5B24-45E6-AE15-8C2D4276DD18}"
EndProject
Project("{2150E333-8FDC-42A3-9474-1A3956D46DE8}") = "Users", "Users", "{D91CC381-FE8D-45A1-9EEF-80FE21874830}"
EndProject
Project("{FAE04EC0-301F-11D3-BF4B-00C04F79EFBC}") = "Users.Domain", "Users\Users.Domain\Users.Domain.csproj", "{9E3BC9F4-00C0-4D98-ABD2-6A1E1726D865}"
EndProject
Project("{FAE04EC0-301F-11D3-BF4B-00C04F79EFBC}") = "Users.EntityFramework", "Users\Users.EntityFramework\Users.EntityFramework.csproj", "{5506B485-38D4-4F9B-AD54-920CCF5550BD}"
EndProject
Project("{FAE04EC0-301F-11D3-BF4B-00C04F79EFBC}") = "Users.Api", "Users\Users.Api\Users.Api.csproj", "{C717636B-6BCE-4FEA-AFCC-5D97D8BC3460}"
EndProject
Project("{FAE04EC0-301F-11D3-BF4B-00C04F79EFBC}") = "Users.AspNet", "Users\Users.AspNet\Users.AspNet.csproj", "{BA5E4123-F522-4FF6-9A13-F1631CE52E6F}"
EndProject
Project("{2150E333-8FDC-42A3-9474-1A3956D46DE8}") = "Auth", "Auth", "{07C037C2-6FB4-41D7-BDDC-B6945AE3AB45}"
EndProject
Project("{FAE04EC0-301F-11D3-BF4B-00C04F79EFBC}") = "Auth.Domain", "Auth\Auth.Domain\Auth.Domain.csproj", "{5C318029-948F-4644-8DE9-568849550CB0}"
EndProject
Project("{FAE04EC0-301F-11D3-BF4B-00C04F79EFBC}") = "Auth.EntityFramework", "Auth\Auth.EntityFramework\Auth.EntityFramework.csproj", "{6BE6801F-8195-4477-A28A-C7B59FB493BE}"
EndProject
Project("{FAE04EC0-301F-11D3-BF4B-00C04F79EFBC}") = "Auth.Api", "Auth\Auth.Api\Auth.Api.csproj", "{E5BEFBA1-ACAF-49A7-B164-217EAF424BC9}"
EndProject
Project("{FAE04EC0-301F-11D3-BF4B-00C04F79EFBC}") = "Auth.AspNet", "Auth\Auth.AspNet\Auth.AspNet.csproj", "{6FF84A32-F904-4255-ADE2-7FCFB9245848}"
EndProject
Global
	GlobalSection(SolutionConfigurationPlatforms) = preSolution
		Debug|Any CPU = Debug|Any CPU
		Release|Any CPU = Release|Any CPU
	EndGlobalSection
	GlobalSection(SolutionProperties) = preSolution
		HideSolutionNode = FALSE
	EndGlobalSection
	GlobalSection(ProjectConfigurationPlatforms) = postSolution
		{B19CDEFE-DBF9-40EE-A61E-C5452AC66944}.Debug|Any CPU.ActiveCfg = Debug|Any CPU
		{B19CDEFE-DBF9-40EE-A61E-C5452AC66944}.Debug|Any CPU.Build.0 = Debug|Any CPU
		{B19CDEFE-DBF9-40EE-A61E-C5452AC66944}.Release|Any CPU.ActiveCfg = Release|Any CPU
		{B19CDEFE-DBF9-40EE-A61E-C5452AC66944}.Release|Any CPU.Build.0 = Release|Any CPU
		{0A5A7E93-6661-446D-9C15-FAF579B1D07D}.Debug|Any CPU.ActiveCfg = Debug|Any CPU
		{0A5A7E93-6661-446D-9C15-FAF579B1D07D}.Debug|Any CPU.Build.0 = Debug|Any CPU
		{0A5A7E93-6661-446D-9C15-FAF579B1D07D}.Release|Any CPU.ActiveCfg = Release|Any CPU
		{0A5A7E93-6661-446D-9C15-FAF579B1D07D}.Release|Any CPU.Build.0 = Release|Any CPU
		{124A4C58-F43B-4ECA-ACAE-CD492D6E5874}.Debug|Any CPU.ActiveCfg = Debug|Any CPU
		{124A4C58-F43B-4ECA-ACAE-CD492D6E5874}.Debug|Any CPU.Build.0 = Debug|Any CPU
		{124A4C58-F43B-4ECA-ACAE-CD492D6E5874}.Release|Any CPU.ActiveCfg = Release|Any CPU
		{124A4C58-F43B-4ECA-ACAE-CD492D6E5874}.Release|Any CPU.Build.0 = Release|Any CPU
		{78FC1736-DD0A-47F7-826E-2B50C89D0F10}.Debug|Any CPU.ActiveCfg = Debug|Any CPU
		{78FC1736-DD0A-47F7-826E-2B50C89D0F10}.Debug|Any CPU.Build.0 = Debug|Any CPU
		{78FC1736-DD0A-47F7-826E-2B50C89D0F10}.Release|Any CPU.ActiveCfg = Release|Any CPU
		{78FC1736-DD0A-47F7-826E-2B50C89D0F10}.Release|Any CPU.Build.0 = Release|Any CPU
		{03679870-5B24-45E6-AE15-8C2D4276DD18}.Debug|Any CPU.ActiveCfg = Debug|Any CPU
		{03679870-5B24-45E6-AE15-8C2D4276DD18}.Debug|Any CPU.Build.0 = Debug|Any CPU
		{03679870-5B24-45E6-AE15-8C2D4276DD18}.Release|Any CPU.ActiveCfg = Release|Any CPU
		{03679870-5B24-45E6-AE15-8C2D4276DD18}.Release|Any CPU.Build.0 = Release|Any CPU
		{9E3BC9F4-00C0-4D98-ABD2-6A1E1726D865}.Debug|Any CPU.ActiveCfg = Debug|Any CPU
		{9E3BC9F4-00C0-4D98-ABD2-6A1E1726D865}.Debug|Any CPU.Build.0 = Debug|Any CPU
		{9E3BC9F4-00C0-4D98-ABD2-6A1E1726D865}.Release|Any CPU.ActiveCfg = Release|Any CPU
		{9E3BC9F4-00C0-4D98-ABD2-6A1E1726D865}.Release|Any CPU.Build.0 = Release|Any CPU
		{5506B485-38D4-4F9B-AD54-920CCF5550BD}.Debug|Any CPU.ActiveCfg = Debug|Any CPU
		{5506B485-38D4-4F9B-AD54-920CCF5550BD}.Debug|Any CPU.Build.0 = Debug|Any CPU
		{5506B485-38D4-4F9B-AD54-920CCF5550BD}.Release|Any CPU.ActiveCfg = Release|Any CPU
		{5506B485-38D4-4F9B-AD54-920CCF5550BD}.Release|Any CPU.Build.0 = Release|Any CPU
		{C717636B-6BCE-4FEA-AFCC-5D97D8BC3460}.Debug|Any CPU.ActiveCfg = Debug|Any CPU
		{C717636B-6BCE-4FEA-AFCC-5D97D8BC3460}.Debug|Any CPU.Build.0 = Debug|Any CPU
		{C717636B-6BCE-4FEA-AFCC-5D97D8BC3460}.Release|Any CPU.ActiveCfg = Release|Any CPU
		{C717636B-6BCE-4FEA-AFCC-5D97D8BC3460}.Release|Any CPU.Build.0 = Release|Any CPU
		{BA5E4123-F522-4FF6-9A13-F1631CE52E6F}.Debug|Any CPU.ActiveCfg = Debug|Any CPU
		{BA5E4123-F522-4FF6-9A13-F1631CE52E6F}.Debug|Any CPU.Build.0 = Debug|Any CPU
		{BA5E4123-F522-4FF6-9A13-F1631CE52E6F}.Release|Any CPU.ActiveCfg = Release|Any CPU
		{BA5E4123-F522-4FF6-9A13-F1631CE52E6F}.Release|Any CPU.Build.0 = Release|Any CPU
		{5C318029-948F-4644-8DE9-568849550CB0}.Debug|Any CPU.ActiveCfg = Debug|Any CPU
		{5C318029-948F-4644-8DE9-568849550CB0}.Debug|Any CPU.Build.0 = Debug|Any CPU
		{5C318029-948F-4644-8DE9-568849550CB0}.Release|Any CPU.ActiveCfg = Release|Any CPU
		{5C318029-948F-4644-8DE9-568849550CB0}.Release|Any CPU.Build.0 = Release|Any CPU
		{6BE6801F-8195-4477-A28A-C7B59FB493BE}.Debug|Any CPU.ActiveCfg = Debug|Any CPU
		{6BE6801F-8195-4477-A28A-C7B59FB493BE}.Debug|Any CPU.Build.0 = Debug|Any CPU
		{6BE6801F-8195-4477-A28A-C7B59FB493BE}.Release|Any CPU.ActiveCfg = Release|Any CPU
		{6BE6801F-8195-4477-A28A-C7B59FB493BE}.Release|Any CPU.Build.0 = Release|Any CPU
		{E5BEFBA1-ACAF-49A7-B164-217EAF424BC9}.Debug|Any CPU.ActiveCfg = Debug|Any CPU
		{E5BEFBA1-ACAF-49A7-B164-217EAF424BC9}.Debug|Any CPU.Build.0 = Debug|Any CPU
		{E5BEFBA1-ACAF-49A7-B164-217EAF424BC9}.Release|Any CPU.ActiveCfg = Release|Any CPU
		{E5BEFBA1-ACAF-49A7-B164-217EAF424BC9}.Release|Any CPU.Build.0 = Release|Any CPU
		{6FF84A32-F904-4255-ADE2-7FCFB9245848}.Debug|Any CPU.ActiveCfg = Debug|Any CPU
		{6FF84A32-F904-4255-ADE2-7FCFB9245848}.Debug|Any CPU.Build.0 = Debug|Any CPU
		{6FF84A32-F904-4255-ADE2-7FCFB9245848}.Release|Any CPU.ActiveCfg = Release|Any CPU
		{6FF84A32-F904-4255-ADE2-7FCFB9245848}.Release|Any CPU.Build.0 = Release|Any CPU
	EndGlobalSection
	GlobalSection(NestedProjects) = preSolution
		{0A5A7E93-6661-446D-9C15-FAF579B1D07D} = {0BA0DAE0-0178-4E0A-8CB3-3DEABDC5D91E}
		{124A4C58-F43B-4ECA-ACAE-CD492D6E5874} = {0BA0DAE0-0178-4E0A-8CB3-3DEABDC5D91E}
		{78FC1736-DD0A-47F7-826E-2B50C89D0F10} = {0BA0DAE0-0178-4E0A-8CB3-3DEABDC5D91E}
		{03679870-5B24-45E6-AE15-8C2D4276DD18} = {0BA0DAE0-0178-4E0A-8CB3-3DEABDC5D91E}
		{9E3BC9F4-00C0-4D98-ABD2-6A1E1726D865} = {D91CC381-FE8D-45A1-9EEF-80FE21874830}
		{5506B485-38D4-4F9B-AD54-920CCF5550BD} = {D91CC381-FE8D-45A1-9EEF-80FE21874830}
		{C717636B-6BCE-4FEA-AFCC-5D97D8BC3460} = {D91CC381-FE8D-45A1-9EEF-80FE21874830}
		{BA5E4123-F522-4FF6-9A13-F1631CE52E6F} = {D91CC381-FE8D-45A1-9EEF-80FE21874830}
		{5C318029-948F-4644-8DE9-568849550CB0} = {07C037C2-6FB4-41D7-BDDC-B6945AE3AB45}
		{6BE6801F-8195-4477-A28A-C7B59FB493BE} = {07C037C2-6FB4-41D7-BDDC-B6945AE3AB45}
		{E5BEFBA1-ACAF-49A7-B164-217EAF424BC9} = {07C037C2-6FB4-41D7-BDDC-B6945AE3AB45}
		{6FF84A32-F904-4255-ADE2-7FCFB9245848} = {07C037C2-6FB4-41D7-BDDC-B6945AE3AB45}
	EndGlobalSection
EndGlobal
